// !$*UTF8*$!
{
	archiveVersion = 1;
	classes = {
	};
	objectVersion = 46;
	objects = {

/* Begin PBXBuildFile section */
		1CF2A8601E65A5C800DFA527 /* AppDelegate.swift in Sources */ = {isa = PBXBuildFile; fileRef = 1CF2A85F1E65A5C800DFA527 /* AppDelegate.swift */; };
		1CF2A8621E65A5C800DFA527 /* ViewController.swift in Sources */ = {isa = PBXBuildFile; fileRef = 1CF2A8611E65A5C800DFA527 /* ViewController.swift */; };
		1CF2A8651E65A5C800DFA527 /* Main.storyboard in Resources */ = {isa = PBXBuildFile; fileRef = 1CF2A8631E65A5C800DFA527 /* Main.storyboard */; };
		1CF2A8671E65A5C800DFA527 /* Assets.xcassets in Resources */ = {isa = PBXBuildFile; fileRef = 1CF2A8661E65A5C800DFA527 /* Assets.xcassets */; };
		1CF2A86A1E65A5C800DFA527 /* LaunchScreen.storyboard in Resources */ = {isa = PBXBuildFile; fileRef = 1CF2A8681E65A5C800DFA527 /* LaunchScreen.storyboard */; };
/* End PBXBuildFile section */

/* Begin PBXCopyFilesBuildPhase section */
		1C812DA71E69AE4F000A599A /* Embed Frameworks */ = {
			isa = PBXCopyFilesBuildPhase;
			buildActionMask = 2147483647;
			dstPath = "";
			dstSubfolderSpec = 10;
			files = (
			);
			name = "Embed Frameworks";
			runOnlyForDeploymentPostprocessing = 0;
		};
/* End PBXCopyFilesBuildPhase section */

/* Begin PBXFileReference section */
		1C812DA91E69AEBA000A599A /* LogViewer-Bridging-Header.h */ = {isa = PBXFileReference; lastKnownFileType = sourcecode.c.h; path = "LogViewer-Bridging-Header.h"; sourceTree = "<group>"; };
		1CF2A85C1E65A5C800DFA527 /* LogViewer.app */ = {isa = PBXFileReference; explicitFileType = wrapper.application; includeInIndex = 0; path = LogViewer.app; sourceTree = BUILT_PRODUCTS_DIR; };
		1CF2A85F1E65A5C800DFA527 /* AppDelegate.swift */ = {isa = PBXFileReference; lastKnownFileType = sourcecode.swift; path = AppDelegate.swift; sourceTree = "<group>"; };
		1CF2A8611E65A5C800DFA527 /* ViewController.swift */ = {isa = PBXFileReference; lastKnownFileType = sourcecode.swift; path = ViewController.swift; sourceTree = "<group>"; };
		1CF2A8641E65A5C800DFA527 /* Base */ = {isa = PBXFileReference; lastKnownFileType = file.storyboard; name = Base; path = Base.lproj/Main.storyboard; sourceTree = "<group>"; };
		1CF2A8661E65A5C800DFA527 /* Assets.xcassets */ = {isa = PBXFileReference; lastKnownFileType = folder.assetcatalog; path = Assets.xcassets; sourceTree = "<group>"; };
		1CF2A8691E65A5C800DFA527 /* Base */ = {isa = PBXFileReference; lastKnownFileType = file.storyboard; name = Base; path = Base.lproj/LaunchScreen.storyboard; sourceTree = "<group>"; };
		1CF2A86B1E65A5C800DFA527 /* Info.plist */ = {isa = PBXFileReference; lastKnownFileType = text.plist.xml; path = Info.plist; sourceTree = "<group>"; };
		1CF2A8711E65A6EA00DFA527 /* LogViewer.entitlements */ = {isa = PBXFileReference; lastKnownFileType = text.plist.entitlements; path = LogViewer.entitlements; sourceTree = "<group>"; };
/* End PBXFileReference section */

/* Begin PBXFrameworksBuildPhase section */
		1CF2A8591E65A5C800DFA527 /* Frameworks */ = {
			isa = PBXFrameworksBuildPhase;
			buildActionMask = 2147483647;
			files = (
			);
			runOnlyForDeploymentPostprocessing = 0;
		};
/* End PBXFrameworksBuildPhase section */

/* Begin PBXGroup section */
		1CF2A8531E65A5C800DFA527 = {
			isa = PBXGroup;
			children = (
				1CF2A85E1E65A5C800DFA527 /* LogViewer */,
				1CF2A85D1E65A5C800DFA527 /* Products */,
			);
			sourceTree = "<group>";
		};
		1CF2A85D1E65A5C800DFA527 /* Products */ = {
			isa = PBXGroup;
			children = (
				1CF2A85C1E65A5C800DFA527 /* LogViewer.app */,
			);
			name = Products;
			sourceTree = "<group>";
		};
		1CF2A85E1E65A5C800DFA527 /* LogViewer */ = {
			isa = PBXGroup;
			children = (
				1CF2A8711E65A6EA00DFA527 /* LogViewer.entitlements */,
				1CF2A85F1E65A5C800DFA527 /* AppDelegate.swift */,
				1CF2A8611E65A5C800DFA527 /* ViewController.swift */,
				1CF2A8631E65A5C800DFA527 /* Main.storyboard */,
				1CF2A8661E65A5C800DFA527 /* Assets.xcassets */,
				1CF2A8681E65A5C800DFA527 /* LaunchScreen.storyboard */,
				1CF2A86B1E65A5C800DFA527 /* Info.plist */,
				1C812DA91E69AEBA000A599A /* LogViewer-Bridging-Header.h */,
			);
			path = LogViewer;
			sourceTree = "<group>";
		};
/* End PBXGroup section */

/* Begin PBXNativeTarget section */
		1CF2A85B1E65A5C800DFA527 /* LogViewer */ = {
			isa = PBXNativeTarget;
			buildConfigurationList = 1CF2A86E1E65A5C800DFA527 /* Build configuration list for PBXNativeTarget "LogViewer" */;
			buildPhases = (
				1CF2A8581E65A5C800DFA527 /* Sources */,
				1CF2A8591E65A5C800DFA527 /* Frameworks */,
				1CF2A85A1E65A5C800DFA527 /* Resources */,
				1C812DA71E69AE4F000A599A /* Embed Frameworks */,
			);
			buildRules = (
			);
			dependencies = (
			);
			name = LogViewer;
			productName = LogViewer;
			productReference = 1CF2A85C1E65A5C800DFA527 /* LogViewer.app */;
			productType = "com.apple.product-type.application";
		};
/* End PBXNativeTarget section */

/* Begin PBXProject section */
		1CF2A8541E65A5C800DFA527 /* Project object */ = {
			isa = PBXProject;
			attributes = {
				LastSwiftUpdateCheck = 0820;
				LastUpgradeCheck = 0820;
				ORGANIZATIONNAME = fr.ormaa;
				TargetAttributes = {
					1CF2A85B1E65A5C800DFA527 = {
						CreatedOnToolsVersion = 8.2.1;
						DevelopmentTeam = QP9H83DB6M;
						LastSwiftMigration = 0820;
						ProvisioningStyle = Automatic;
						SystemCapabilities = {
							com.apple.ApplicationGroups.iOS = {
								enabled = 1;
							};
						};
					};
				};
			};
			buildConfigurationList = 1CF2A8571E65A5C800DFA527 /* Build configuration list for PBXProject "LogViewer" */;
			compatibilityVersion = "Xcode 3.2";
			developmentRegion = English;
			hasScannedForEncodings = 0;
			knownRegions = (
				en,
				Base,
			);
			mainGroup = 1CF2A8531E65A5C800DFA527;
			productRefGroup = 1CF2A85D1E65A5C800DFA527 /* Products */;
			projectDirPath = "";
			projectRoot = "";
			targets = (
				1CF2A85B1E65A5C800DFA527 /* LogViewer */,
			);
		};
/* End PBXProject section */

/* Begin PBXResourcesBuildPhase section */
		1CF2A85A1E65A5C800DFA527 /* Resources */ = {
			isa = PBXResourcesBuildPhase;
			buildActionMask = 2147483647;
			files = (
				1CF2A86A1E65A5C800DFA527 /* LaunchScreen.storyboard in Resources */,
				1CF2A8671E65A5C800DFA527 /* Assets.xcassets in Resources */,
				1CF2A8651E65A5C800DFA527 /* Main.storyboard in Resources */,
			);
			runOnlyForDeploymentPostprocessing = 0;
		};
/* End PBXResourcesBuildPhase section */

/* Begin PBXSourcesBuildPhase section */
		1CF2A8581E65A5C800DFA527 /* Sources */ = {
			isa = PBXSourcesBuildPhase;
			buildActionMask = 2147483647;
			files = (
				1CF2A8621E65A5C800DFA527 /* ViewController.swift in Sources */,
				1CF2A8601E65A5C800DFA527 /* AppDelegate.swift in Sources */,
			);
			runOnlyForDeploymentPostprocessing = 0;
		};
/* End PBXSourcesBuildPhase section */

/* Begin PBXVariantGroup section */
		1CF2A8631E65A5C800DFA527 /* Main.storyboard */ = {
			isa = PBXVariantGroup;
			children = (
				1CF2A8641E65A5C800DFA527 /* Base */,
			);
			name = Main.storyboard;
			sourceTree = "<group>";
		};
		1CF2A8681E65A5C800DFA527 /* LaunchScreen.storyboard */ = {
			isa = PBXVariantGroup;
			children = (
				1CF2A8691E65A5C800DFA527 /* Base */,
			);
			name = LaunchScreen.storyboard;
			sourceTree = "<group>";
		};
/* End PBXVariantGroup section */

/* Begin XCBuildConfiguration section */
		1CF2A86C1E65A5C800DFA527 /* Debug */ = {
			isa = XCBuildConfiguration;
			buildSettings = {
				ALWAYS_SEARCH_USER_PATHS = NO;
				CLANG_ANALYZER_NONNULL = YES;
				CLANG_CXX_LANGUAGE_STANDARD = "gnu++0x";
				CLANG_CXX_LIBRARY = "libc++";
				CLANG_ENABLE_MODULES = YES;
				CLANG_ENABLE_OBJC_ARC = YES;
				CLANG_WARN_BOOL_CONVERSION = YES;
				CLANG_WARN_CONSTANT_CONVERSION = YES;
				CLANG_WARN_DIRECT_OBJC_ISA_USAGE = YES_ERROR;
				CLANG_WARN_DOCUMENTATION_COMMENTS = YES;
				CLANG_WARN_EMPTY_BODY = YES;
				CLANG_WARN_ENUM_CONVERSION = YES;
				CLANG_WARN_INFINITE_RECURSION = YES;
				CLANG_WARN_INT_CONVERSION = YES;
				CLANG_WARN_OBJC_ROOT_CLASS = YES_ERROR;
				CLANG_WARN_SUSPICIOUS_MOVE = YES;
				CLANG_WARN_UNREACHABLE_CODE = YES;
				CLANG_WARN__DUPLICATE_METHOD_MATCH = YES;
				"CODE_SIGN_IDENTITY[sdk=iphoneos*]" = "iPhone Developer";
				COPY_PHASE_STRIP = NO;
				DEBUG_INFORMATION_FORMAT = dwarf;
				ENABLE_STRICT_OBJC_MSGSEND = YES;
				ENABLE_TESTABILITY = YES;
				GCC_C_LANGUAGE_STANDARD = gnu99;
				GCC_DYNAMIC_NO_PIC = NO;
				GCC_NO_COMMON_BLOCKS = YES;
				GCC_OPTIMIZATION_LEVEL = 0;
				GCC_PREPROCESSOR_DEFINITIONS = (
					"DEBUG=1",
					"$(inherited)",
				);
				GCC_WARN_64_TO_32_BIT_CONVERSION = YES;
				GCC_WARN_ABOUT_RETURN_TYPE = YES_ERROR;
				GCC_WARN_UNDECLARED_SELECTOR = YES;
				GCC_WARN_UNINITIALIZED_AUTOS = YES_AGGRESSIVE;
				GCC_WARN_UNUSED_FUNCTION = YES;
				GCC_WARN_UNUSED_VARIABLE = YES;
				IPHONEOS_DEPLOYMENT_TARGET = 10.2;
				MTL_ENABLE_DEBUG_INFO = YES;
				ONLY_ACTIVE_ARCH = YES;
				SDKROOT = iphoneos;
				SWIFT_ACTIVE_COMPILATION_CONDITIONS = DEBUG;
				SWIFT_OPTIMIZATION_LEVEL = "-Onone";
			};
			name = Debug;
		};
		1CF2A86D1E65A5C800DFA527 /* Release */ = {
			isa = XCBuildConfiguration;
			buildSettings = {
				ALWAYS_SEARCH_USER_PATHS = NO;
				CLANG_ANALYZER_NONNULL = YES;
				CLANG_CXX_LANGUAGE_STANDARD = "gnu++0x";
				CLANG_CXX_LIBRARY = "libc++";
				CLANG_ENABLE_MODULES = YES;
				CLANG_ENABLE_OBJC_ARC = YES;
				CLANG_WARN_BOOL_CONVERSION = YES;
				CLANG_WARN_CONSTANT_CONVERSION = YES;
				CLANG_WARN_DIRECT_OBJC_ISA_USAGE = YES_ERROR;
				CLANG_WARN_DOCUMENTATION_COMMENTS = YES;
				CLANG_WARN_EMPTY_BODY = YES;
				CLANG_WARN_ENUM_CONVERSION = YES;
				CLANG_WARN_INFINITE_RECURSION = YES;
				CLANG_WARN_INT_CONVERSION = YES;
				CLANG_WARN_OBJC_ROOT_CLASS = YES_ERROR;
				CLANG_WARN_SUSPICIOUS_MOVE = YES;
				CLANG_WARN_UNREACHABLE_CODE = YES;
				CLANG_WARN__DUPLICATE_METHOD_MATCH = YES;
				"CODE_SIGN_IDENTITY[sdk=iphoneos*]" = "iPhone Developer";
				COPY_PHASE_STRIP = NO;
				DEBUG_INFORMATION_FORMAT = "dwarf-with-dsym";
				ENABLE_NS_ASSERTIONS = NO;
				ENABLE_STRICT_OBJC_MSGSEND = YES;
				GCC_C_LANGUAGE_STANDARD = gnu99;
				GCC_NO_COMMON_BLOCKS = YES;
				GCC_WARN_64_TO_32_BIT_CONVERSION = YES;
				GCC_WARN_ABOUT_RETURN_TYPE = YES_ERROR;
				GCC_WARN_UNDECLARED_SELECTOR = YES;
				GCC_WARN_UNINITIALIZED_AUTOS = YES_AGGRESSIVE;
				GCC_WARN_UNUSED_FUNCTION = YES;
				GCC_WARN_UNUSED_VARIABLE = YES;
				IPHONEOS_DEPLOYMENT_TARGET = 10.2;
				MTL_ENABLE_DEBUG_INFO = NO;
				SDKROOT = iphoneos;
				SWIFT_OPTIMIZATION_LEVEL = "-Owholemodule";
				VALIDATE_PRODUCT = YES;
			};
			name = Release;
		};
		1CF2A86F1E65A5C800DFA527 /* Debug */ = {
			isa = XCBuildConfiguration;
			buildSettings = {
				ASSETCATALOG_COMPILER_APPICON_NAME = AppIcon;
				CLANG_ENABLE_MODULES = YES;
				CODE_SIGN_ENTITLEMENTS = LogViewer/LogViewer.entitlements;
				DEVELOPMENT_TEAM = QP9H83DB6M;
				FRAMEWORK_SEARCH_PATHS = (
					"$(inherited)",
					"$(PROJECT_DIR)",
				);
				INFOPLIST_FILE = LogViewer/Info.plist;
				IPHONEOS_DEPLOYMENT_TARGET = 10.0;
				LD_RUNPATH_SEARCH_PATHS = "$(inherited) @executable_path/Frameworks";
				PRODUCT_BUNDLE_IDENTIFIER = fr.ormaa.LogViewer;
				PRODUCT_NAME = "$(TARGET_NAME)";
				SWIFT_OBJC_BRIDGING_HEADER = "LogViewer/LogViewer-Bridging-Header.h";
				SWIFT_OPTIMIZATION_LEVEL = "-Onone";
				SWIFT_VERSION = 3.0;
			};
			name = Debug;
		};
		1CF2A8701E65A5C800DFA527 /* Release */ = {
			isa = XCBuildConfiguration;
			buildSettings = {
				ASSETCATALOG_COMPILER_APPICON_NAME = AppIcon;
				CLANG_ENABLE_MODULES = YES;
				CODE_SIGN_ENTITLEMENTS = LogViewer/LogViewer.entitlements;
				DEVELOPMENT_TEAM = QP9H83DB6M;
				FRAMEWORK_SEARCH_PATHS = (
					"$(inherited)",
					"$(PROJECT_DIR)",
				);
				INFOPLIST_FILE = LogViewer/Info.plist;
				IPHONEOS_DEPLOYMENT_TARGET = 10.0;
				LD_RUNPATH_SEARCH_PATHS = "$(inherited) @executable_path/Frameworks";
				PRODUCT_BUNDLE_IDENTIFIER = fr.ormaa.LogViewer;
				PRODUCT_NAME = "$(TARGET_NAME)";
				SWIFT_OBJC_BRIDGING_HEADER = "LogViewer/LogViewer-Bridging-Header.h";
				SWIFT_VERSION = 3.0;
			};
			name = Release;
		};
/* End XCBuildConfiguration section */

/* Begin XCConfigurationList section */
		1CF2A8571E65A5C800DFA527 /* Build configuration list for PBXProject "LogViewer" */ = {
			isa = XCConfigurationList;
			buildConfigurations = (
				1CF2A86C1E65A5C800DFA527 /* Debug */,
				1CF2A86D1E65A5C800DFA527 /* Release */,
			);
			defaultConfigurationIsVisible = 0;
			defaultConfigurationName = Release;
		};
		1CF2A86E1E65A5C800DFA527 /* Build configuration list for PBXNativeTarget "LogViewer" */ = {
			isa = XCConfigurationList;
			buildConfigurations = (
				1CF2A86F1E65A5C800DFA527 /* Debug */,
				1CF2A8701E65A5C800DFA527 /* Release */,
			);
			defaultConfigurationIsVisible = 0;
			defaultConfigurationName = Release;
		};
/* End XCConfigurationList section */
	};
	rootObject = 1CF2A8541E65A5C800DFA527 /* Project object */;
}
